
Microsoft Visual Studio Solution File, Format Version 12.00
# Visual Studio Version 17
VisualStudioVersion = 17.8.34511.84
MinimumVisualStudioVersion = 10.0.40219.1
Project("{FAE04EC0-301F-11D3-BF4B-00C04F79EFBC}") = "WpfApp3", "WpfApp3\WpfApp3.csproj", "{FCF6D9F4-3055-4513-980E-38EC1F6176C4}"
EndProject
Global
	GlobalSection(SolutionConfigurationPlatforms) = preSolution
		Debug|Any CPU = Debug|Any CPU
		Release|Any CPU = Release|Any CPU
	EndGlobalSection
	GlobalSection(ProjectConfigurationPlatforms) = postSolution
		{FCF6D9F4-3055-4513-980E-38EC1F6176C4}.Debug|Any CPU.ActiveCfg = Debug|Any CPU
		{FCF6D9F4-3055-4513-980E-38EC1F6176C4}.Debug|Any CPU.Build.0 = Debug|Any CPU
		{FCF6D9F4-3055-4513-980E-38EC1F6176C4}.Release|Any CPU.ActiveCfg = Release|Any CPU
		{FCF6D9F4-3055-4513-980E-38EC1F6176C4}.Release|Any CPU.Build.0 = Release|Any CPU
	EndGlobalSection
	GlobalSection(SolutionProperties) = preSolution
		HideSolutionNode = FALSE
	EndGlobalSection
	GlobalSection(ExtensibilityGlobals) = postSolution
		SolutionGuid = {A6B116FC-3305-4EFD-8EA9-085D07935FE9}
	EndGlobalSection
EndGlobal
